
Microsoft Visual Studio Solution File, Format Version 12.00
# Visual Studio Version 18
VisualStudioVersion = 18.2.11415.280 d18.0
MinimumVisualStudioVersion = 10.0.40219.1
Project("{FAE04EC0-301F-11D3-BF4B-00C04F79EFBC}") = "Bookstore", "Bookstore.csproj", "{9FA1513C-EC6C-461B-BE9B-A66BA9F7EFB4}"
EndProject
Global
	GlobalSection(SolutionConfigurationPlatforms) = preSolution
		Debug|Any CPU = Debug|Any CPU
		Release|Any CPU = Release|Any CPU
	EndGlobalSection
	GlobalSection(ProjectConfigurationPlatforms) = postSolution
		{9FA1513C-EC6C-461B-BE9B-A66BA9F7EFB4}.Debug|Any CPU.ActiveCfg = Debug|Any CPU
		{9FA1513C-EC6C-461B-BE9B-A66BA9F7EFB4}.Debug|Any CPU.Build.0 = Debug|Any CPU
		{9FA1513C-EC6C-461B-BE9B-A66BA9F7EFB4}.Release|Any CPU.ActiveCfg = Release|Any CPU
		{9FA1513C-EC6C-461B-BE9B-A66BA9F7EFB4}.Release|Any CPU.Build.0 = Release|Any CPU
	EndGlobalSection
	GlobalSection(SolutionProperties) = preSolution
		HideSolutionNode = FALSE
	EndGlobalSection
	GlobalSection(ExtensibilityGlobals) = postSolution
		SolutionGuid = {8A3116EB-9D43-4A2A-ADEB-36C2C988B41C}
	EndGlobalSection
EndGlobal
